// !$*UTF8*$!
{
	archiveVersion = 1;
	classes = {
	};
	objectVersion = 50;
	objects = {

/* Begin PBXBuildFile section */
		7D39DFD7209DF49D0038FA64 /* main.swift in Sources */ = {isa = PBXBuildFile; fileRef = 7D39DFD6209DF49D0038FA64 /* main.swift */; };
		7D9126002128C305002F8420 /* material.swift in Sources */ = {isa = PBXBuildFile; fileRef = 7D9125FF2128C305002F8420 /* material.swift */; };
		7D9126022128C64F002F8420 /* lambertian.swift in Sources */ = {isa = PBXBuildFile; fileRef = 7D9126012128C64F002F8420 /* lambertian.swift */; };
		7D9126042128C7E4002F8420 /* metal.swift in Sources */ = {isa = PBXBuildFile; fileRef = 7D9126032128C7E4002F8420 /* metal.swift */; };
		7DBF31D62117824300F7EBA5 /* vec3.swift in Sources */ = {isa = PBXBuildFile; fileRef = 7DBF31D52117824300F7EBA5 /* vec3.swift */; };
		7DBF31D8211932B800F7EBA5 /* ray.swift in Sources */ = {isa = PBXBuildFile; fileRef = 7DBF31D7211932B800F7EBA5 /* ray.swift */; };
		7DF95A0A211946EF00BF28B1 /* hitable.swift in Sources */ = {isa = PBXBuildFile; fileRef = 7DF95A09211946EF00BF28B1 /* hitable.swift */; };
		7DF95A0C2119487200BF28B1 /* sphere.swift in Sources */ = {isa = PBXBuildFile; fileRef = 7DF95A0B2119487200BF28B1 /* sphere.swift */; };
		7DF95A0E21194D1900BF28B1 /* hitablelist.swift in Sources */ = {isa = PBXBuildFile; fileRef = 7DF95A0D21194D1900BF28B1 /* hitablelist.swift */; };
		7DF95A1021197B4900BF28B1 /* camera.swift in Sources */ = {isa = PBXBuildFile; fileRef = 7DF95A0F21197B4900BF28B1 /* camera.swift */; };
/* End PBXBuildFile section */

/* Begin PBXCopyFilesBuildPhase section */
		7D39DFD1209DF49D0038FA64 /* CopyFiles */ = {
			isa = PBXCopyFilesBuildPhase;
			buildActionMask = 2147483647;
			dstPath = /usr/share/man/man1/;
			dstSubfolderSpec = 0;
			files = (
			);
			runOnlyForDeploymentPostprocessing = 1;
		};
/* End PBXCopyFilesBuildPhase section */

/* Begin PBXFileReference section */
		7D39DFD3209DF49D0038FA64 /* RayTracer */ = {isa = PBXFileReference; explicitFileType = "compiled.mach-o.executable"; includeInIndex = 0; path = RayTracer; sourceTree = BUILT_PRODUCTS_DIR; };
		7D39DFD6209DF49D0038FA64 /* main.swift */ = {isa = PBXFileReference; lastKnownFileType = sourcecode.swift; path = main.swift; sourceTree = "<group>"; };
		7D9125FF2128C305002F8420 /* material.swift */ = {isa = PBXFileReference; lastKnownFileType = sourcecode.swift; path = material.swift; sourceTree = "<group>"; };
		7D9126012128C64F002F8420 /* lambertian.swift */ = {isa = PBXFileReference; lastKnownFileType = sourcecode.swift; path = lambertian.swift; sourceTree = "<group>"; };
		7D9126032128C7E4002F8420 /* metal.swift */ = {isa = PBXFileReference; lastKnownFileType = sourcecode.swift; path = metal.swift; sourceTree = "<group>"; };
		7DBF31D52117824300F7EBA5 /* vec3.swift */ = {isa = PBXFileReference; lastKnownFileType = sourcecode.swift; path = vec3.swift; sourceTree = "<group>"; };
		7DBF31D7211932B800F7EBA5 /* ray.swift */ = {isa = PBXFileReference; lastKnownFileType = sourcecode.swift; path = ray.swift; sourceTree = "<group>"; };
		7DF95A09211946EF00BF28B1 /* hitable.swift */ = {isa = PBXFileReference; lastKnownFileType = sourcecode.swift; path = hitable.swift; sourceTree = "<group>"; };
		7DF95A0B2119487200BF28B1 /* sphere.swift */ = {isa = PBXFileReference; lastKnownFileType = sourcecode.swift; path = sphere.swift; sourceTree = "<group>"; };
		7DF95A0D21194D1900BF28B1 /* hitablelist.swift */ = {isa = PBXFileReference; lastKnownFileType = sourcecode.swift; path = hitablelist.swift; sourceTree = "<group>"; };
		7DF95A0F21197B4900BF28B1 /* camera.swift */ = {isa = PBXFileReference; lastKnownFileType = sourcecode.swift; path = camera.swift; sourceTree = "<group>"; };
/* End PBXFileReference section */

/* Begin PBXFrameworksBuildPhase section */
		7D39DFD0209DF49D0038FA64 /* Frameworks */ = {
			isa = PBXFrameworksBuildPhase;
			buildActionMask = 2147483647;
			files = (
			);
			runOnlyForDeploymentPostprocessing = 0;
		};
/* End PBXFrameworksBuildPhase section */

/* Begin PBXGroup section */
		7D39DFCA209DF49D0038FA64 = {
			isa = PBXGroup;
			children = (
				7D39DFD5209DF49D0038FA64 /* RayTracer */,
				7D39DFD4209DF49D0038FA64 /* Products */,
			);
			sourceTree = "<group>";
		};
		7D39DFD4209DF49D0038FA64 /* Products */ = {
			isa = PBXGroup;
			children = (
				7D39DFD3209DF49D0038FA64 /* RayTracer */,
			);
			name = Products;
			sourceTree = "<group>";
		};
		7D39DFD5209DF49D0038FA64 /* RayTracer */ = {
			isa = PBXGroup;
			children = (
				7D39DFD6209DF49D0038FA64 /* main.swift */,
				7DF95A0F21197B4900BF28B1 /* camera.swift */,
				7DF95A09211946EF00BF28B1 /* hitable.swift */,
				7D9126012128C64F002F8420 /* lambertian.swift */,
				7D9126032128C7E4002F8420 /* metal.swift */,
				7D9125FF2128C305002F8420 /* material.swift */,
				7DF95A0B2119487200BF28B1 /* sphere.swift */,
				7DBF31D52117824300F7EBA5 /* vec3.swift */,
				7DF95A0D21194D1900BF28B1 /* hitablelist.swift */,
				7DBF31D7211932B800F7EBA5 /* ray.swift */,
			);
			path = RayTracer;
			sourceTree = "<group>";
		};
/* End PBXGroup section */

/* Begin PBXNativeTarget section */
		7D39DFD2209DF49D0038FA64 /* RayTracer */ = {
			isa = PBXNativeTarget;
			buildConfigurationList = 7D39DFDA209DF49D0038FA64 /* Build configuration list for PBXNativeTarget "RayTracer" */;
			buildPhases = (
				7D39DFCF209DF49D0038FA64 /* Sources */,
				7D39DFD0209DF49D0038FA64 /* Frameworks */,
				7D39DFD1209DF49D0038FA64 /* CopyFiles */,
			);
			buildRules = (
			);
			dependencies = (
			);
			name = RayTracer;
			productName = RayTracer;
			productReference = 7D39DFD3209DF49D0038FA64 /* RayTracer */;
			productType = "com.apple.product-type.tool";
		};
/* End PBXNativeTarget section */

/* Begin PBXProject section */
		7D39DFCB209DF49D0038FA64 /* Project object */ = {
			isa = PBXProject;
			attributes = {
				LastSwiftUpdateCheck = 0930;
				LastUpgradeCheck = 0930;
				ORGANIZATIONNAME = "Robert Bigelow";
				TargetAttributes = {
					7D39DFD2209DF49D0038FA64 = {
						CreatedOnToolsVersion = 9.3;
					};
				};
			};
			buildConfigurationList = 7D39DFCE209DF49D0038FA64 /* Build configuration list for PBXProject "RayTracer" */;
			compatibilityVersion = "Xcode 9.3";
			developmentRegion = en;
			hasScannedForEncodings = 0;
			knownRegions = (
				en,
			);
			mainGroup = 7D39DFCA209DF49D0038FA64;
			productRefGroup = 7D39DFD4209DF49D0038FA64 /* Products */;
			projectDirPath = "";
			projectRoot = "";
			targets = (
				7D39DFD2209DF49D0038FA64 /* RayTracer */,
			);
		};
/* End PBXProject section */

/* Begin PBXSourcesBuildPhase section */
		7D39DFCF209DF49D0038FA64 /* Sources */ = {
			isa = PBXSourcesBuildPhase;
			buildActionMask = 2147483647;
			files = (
				7D9126002128C305002F8420 /* material.swift in Sources */,
				7D9126042128C7E4002F8420 /* metal.swift in Sources */,
				7DBF31D62117824300F7EBA5 /* vec3.swift in Sources */,
				7DF95A0E21194D1900BF28B1 /* hitablelist.swift in Sources */,
				7D9126022128C64F002F8420 /* lambertian.swift in Sources */,
				7DF95A0C2119487200BF28B1 /* sphere.swift in Sources */,
				7DF95A0A211946EF00BF28B1 /* hitable.swift in Sources */,
				7DBF31D8211932B800F7EBA5 /* ray.swift in Sources */,
				7D39DFD7209DF49D0038FA64 /* main.swift in Sources */,
				7DF95A1021197B4900BF28B1 /* camera.swift in Sources */,
			);
			runOnlyForDeploymentPostprocessing = 0;
		};
/* End PBXSourcesBuildPhase section */

/* Begin XCBuildConfiguration section */
		7D39DFD8209DF49D0038FA64 /* Debug */ = {
			isa = XCBuildConfiguration;
			buildSettings = {
				ALWAYS_SEARCH_USER_PATHS = NO;
				CLANG_ANALYZER_NONNULL = YES;
				CLANG_ANALYZER_NUMBER_OBJECT_CONVERSION = YES_AGGRESSIVE;
				CLANG_CXX_LANGUAGE_STANDARD = "gnu++14";
				CLANG_CXX_LIBRARY = "libc++";
				CLANG_ENABLE_MODULES = YES;
				CLANG_ENABLE_OBJC_ARC = YES;
				CLANG_ENABLE_OBJC_WEAK = YES;
				CLANG_WARN_BLOCK_CAPTURE_AUTORELEASING = YES;
				CLANG_WARN_BOOL_CONVERSION = YES;
				CLANG_WARN_COMMA = YES;
				CLANG_WARN_CONSTANT_CONVERSION = YES;
				CLANG_WARN_DEPRECATED_OBJC_IMPLEMENTATIONS = YES;
				CLANG_WARN_DIRECT_OBJC_ISA_USAGE = YES_ERROR;
				CLANG_WARN_DOCUMENTATION_COMMENTS = YES;
				CLANG_WARN_EMPTY_BODY = YES;
				CLANG_WARN_ENUM_CONVERSION = YES;
				CLANG_WARN_INFINITE_RECURSION = YES;
				CLANG_WARN_INT_CONVERSION = YES;
				CLANG_WARN_NON_LITERAL_NULL_CONVERSION = YES;
				CLANG_WARN_OBJC_IMPLICIT_RETAIN_SELF = YES;
				CLANG_WARN_OBJC_LITERAL_CONVERSION = YES;
				CLANG_WARN_OBJC_ROOT_CLASS = YES_ERROR;
				CLANG_WARN_RANGE_LOOP_ANALYSIS = YES;
				CLANG_WARN_STRICT_PROTOTYPES = YES;
				CLANG_WARN_SUSPICIOUS_MOVE = YES;
				CLANG_WARN_UNGUARDED_AVAILABILITY = YES_AGGRESSIVE;
				CLANG_WARN_UNREACHABLE_CODE = YES;
				CLANG_WARN__DUPLICATE_METHOD_MATCH = YES;
				CODE_SIGN_IDENTITY = "-";
				COPY_PHASE_STRIP = NO;
				DEBUG_INFORMATION_FORMAT = dwarf;
				ENABLE_STRICT_OBJC_MSGSEND = YES;
				ENABLE_TESTABILITY = YES;
				GCC_C_LANGUAGE_STANDARD = gnu11;
				GCC_DYNAMIC_NO_PIC = NO;
				GCC_NO_COMMON_BLOCKS = YES;
				GCC_OPTIMIZATION_LEVEL = 0;
				GCC_PREPROCESSOR_DEFINITIONS = (
					"DEBUG=1",
					"$(inherited)",
				);
				GCC_WARN_64_TO_32_BIT_CONVERSION = YES;
				GCC_WARN_ABOUT_RETURN_TYPE = YES_ERROR;
				GCC_WARN_UNDECLARED_SELECTOR = YES;
				GCC_WARN_UNINITIALIZED_AUTOS = YES_AGGRESSIVE;
				GCC_WARN_UNUSED_FUNCTION = YES;
				GCC_WARN_UNUSED_VARIABLE = YES;
				MACOSX_DEPLOYMENT_TARGET = 10.13;
				MTL_ENABLE_DEBUG_INFO = YES;
				ONLY_ACTIVE_ARCH = YES;
				SDKROOT = macosx;
				SWIFT_ACTIVE_COMPILATION_CONDITIONS = DEBUG;
				SWIFT_OPTIMIZATION_LEVEL = "-Onone";
			};
			name = Debug;
		};
		7D39DFD9209DF49D0038FA64 /* Release */ = {
			isa = XCBuildConfiguration;
			buildSettings = {
				ALWAYS_SEARCH_USER_PATHS = NO;
				CLANG_ANALYZER_NONNULL = YES;
				CLANG_ANALYZER_NUMBER_OBJECT_CONVERSION = YES_AGGRESSIVE;
				CLANG_CXX_LANGUAGE_STANDARD = "gnu++14";
				CLANG_CXX_LIBRARY = "libc++";
				CLANG_ENABLE_MODULES = YES;
				CLANG_ENABLE_OBJC_ARC = YES;
				CLANG_ENABLE_OBJC_WEAK = YES;
				CLANG_WARN_BLOCK_CAPTURE_AUTORELEASING = YES;
				CLANG_WARN_BOOL_CONVERSION = YES;
				CLANG_WARN_COMMA = YES;
				CLANG_WARN_CONSTANT_CONVERSION = YES;
				CLANG_WARN_DEPRECATED_OBJC_IMPLEMENTATIONS = YES;
				CLANG_WARN_DIRECT_OBJC_ISA_USAGE = YES_ERROR;
				CLANG_WARN_DOCUMENTATION_COMMENTS = YES;
				CLANG_WARN_EMPTY_BODY = YES;
				CLANG_WARN_ENUM_CONVERSION = YES;
				CLANG_WARN_INFINITE_RECURSION = YES;
				CLANG_WARN_INT_CONVERSION = YES;
				CLANG_WARN_NON_LITERAL_NULL_CONVERSION = YES;
				CLANG_WARN_OBJC_IMPLICIT_RETAIN_SELF = YES;
				CLANG_WARN_OBJC_LITERAL_CONVERSION = YES;
				CLANG_WARN_OBJC_ROOT_CLASS = YES_ERROR;
				CLANG_WARN_RANGE_LOOP_ANALYSIS = YES;
				CLANG_WARN_STRICT_PROTOTYPES = YES;
				CLANG_WARN_SUSPICIOUS_MOVE = YES;
				CLANG_WARN_UNGUARDED_AVAILABILITY = YES_AGGRESSIVE;
				CLANG_WARN_UNREACHABLE_CODE = YES;
				CLANG_WARN__DUPLICATE_METHOD_MATCH = YES;
				CODE_SIGN_IDENTITY = "-";
				COPY_PHASE_STRIP = NO;
				DEBUG_INFORMATION_FORMAT = "dwarf-with-dsym";
				ENABLE_NS_ASSERTIONS = NO;
				ENABLE_STRICT_OBJC_MSGSEND = YES;
				GCC_C_LANGUAGE_STANDARD = gnu11;
				GCC_NO_COMMON_BLOCKS = YES;
				GCC_WARN_64_TO_32_BIT_CONVERSION = YES;
				GCC_WARN_ABOUT_RETURN_TYPE = YES_ERROR;
				GCC_WARN_UNDECLARED_SELECTOR = YES;
				GCC_WARN_UNINITIALIZED_AUTOS = YES_AGGRESSIVE;
				GCC_WARN_UNUSED_FUNCTION = YES;
				GCC_WARN_UNUSED_VARIABLE = YES;
				MACOSX_DEPLOYMENT_TARGET = 10.13;
				MTL_ENABLE_DEBUG_INFO = NO;
				SDKROOT = macosx;
				SWIFT_COMPILATION_MODE = wholemodule;
				SWIFT_OPTIMIZATION_LEVEL = "-O";
			};
			name = Release;
		};
		7D39DFDB209DF49D0038FA64 /* Debug */ = {
			isa = XCBuildConfiguration;
			buildSettings = {
				CODE_SIGN_STYLE = Automatic;
				PRODUCT_NAME = "$(TARGET_NAME)";
				SWIFT_VERSION = 4.0;
			};
			name = Debug;
		};
		7D39DFDC209DF49D0038FA64 /* Release */ = {
			isa = XCBuildConfiguration;
			buildSettings = {
				CODE_SIGN_STYLE = Automatic;
				PRODUCT_NAME = "$(TARGET_NAME)";
				SWIFT_VERSION = 4.0;
			};
			name = Release;
		};
/* End XCBuildConfiguration section */

/* Begin XCConfigurationList section */
		7D39DFCE209DF49D0038FA64 /* Build configuration list for PBXProject "RayTracer" */ = {
			isa = XCConfigurationList;
			buildConfigurations = (
				7D39DFD8209DF49D0038FA64 /* Debug */,
				7D39DFD9209DF49D0038FA64 /* Release */,
			);
			defaultConfigurationIsVisible = 0;
			defaultConfigurationName = Release;
		};
		7D39DFDA209DF49D0038FA64 /* Build configuration list for PBXNativeTarget "RayTracer" */ = {
			isa = XCConfigurationList;
			buildConfigurations = (
				7D39DFDB209DF49D0038FA64 /* Debug */,
				7D39DFDC209DF49D0038FA64 /* Release */,
			);
			defaultConfigurationIsVisible = 0;
			defaultConfigurationName = Release;
		};
/* End XCConfigurationList section */
	};
	rootObject = 7D39DFCB209DF49D0038FA64 /* Project object */;
}
